PODS:
  - R.swift (7.3.2)
  - SnapKit (5.6.0)

DEPENDENCIES:
  - R.swift
  - SnapKit (~> 5.6.0)

SPEC REPOS:
  https://github.com/CocoaPods/Specs.git:
    - R.swift
    - SnapKit

SPEC CHECKSUMS:
  R.swift: 0af0d882f49f03711415cb4e5215daa977d8a480
  SnapKit: e01d52ebb8ddbc333eefe2132acf85c8227d9c25

PODFILE CHECKSUM: b30b8eec97b00ba28d4be80ba9cec62741c68b3e

COCOAPODS: 1.14.2
