// !$*UTF8*$!
{
	archiveVersion = 1;
	classes = {
	};
	objectVersion = 56;
	objects = {

/* Begin PBXBuildFile section */
		500894332B04ABD200EA91D9 /* Endpoint.swift in Sources */ = {isa = PBXBuildFile; fileRef = 500894322B04ABD200EA91D9 /* Endpoint.swift */; };
		500894352B04AC2000EA91D9 /* NetworkRequest.swift in Sources */ = {isa = PBXBuildFile; fileRef = 500894342B04AC2000EA91D9 /* NetworkRequest.swift */; };
		500894372B04AC4800EA91D9 /* NetworkDataFetch.swift in Sources */ = {isa = PBXBuildFile; fileRef = 500894362B04AC4800EA91D9 /* NetworkDataFetch.swift */; };
		500894392B04AC6800EA91D9 /* NetworkError.swift in Sources */ = {isa = PBXBuildFile; fileRef = 500894382B04AC6800EA91D9 /* NetworkError.swift */; };
		5008943F2B04AD9200EA91D9 /* Constants.swift in Sources */ = {isa = PBXBuildFile; fileRef = 5008943E2B04AD9200EA91D9 /* Constants.swift */; };
		500894412B04AEF200EA91D9 /* URLSession + Extension.swift in Sources */ = {isa = PBXBuildFile; fileRef = 500894402B04AEF200EA91D9 /* URLSession + Extension.swift */; };
		503834912B0BDA4B00B6841F /* InfoTableViewCell.swift in Sources */ = {isa = PBXBuildFile; fileRef = 503834902B0BDA4B00B6841F /* InfoTableViewCell.swift */; };
		506E213C2B04C18E002F3EB5 /* Rick and Morty.xcassets in Resources */ = {isa = PBXBuildFile; fileRef = 506E213B2B04C18E002F3EB5 /* Rick and Morty.xcassets */; };
		507210B62B0C8A5700F1CCDC /* EpisodesTableViewCell.swift in Sources */ = {isa = PBXBuildFile; fileRef = 507210B52B0C8A5700F1CCDC /* EpisodesTableViewCell.swift */; };
		507E5A5A2B0B45110058CF2C /* InfoViewController.swift in Sources */ = {isa = PBXBuildFile; fileRef = 507E5A592B0B45110058CF2C /* InfoViewController.swift */; };
		507E5A5C2B0B53180058CF2C /* CharacterTableViewCell.swift in Sources */ = {isa = PBXBuildFile; fileRef = 507E5A5B2B0B53180058CF2C /* CharacterTableViewCell.swift */; };
		5084AA8A2B0949F0001E090A /* UITableViewCell + Extension.swift in Sources */ = {isa = PBXBuildFile; fileRef = 5084AA892B0949F0001E090A /* UITableViewCell + Extension.swift */; };
		5084AA8C2B094A13001E090A /* UITableView + Extension.swift in Sources */ = {isa = PBXBuildFile; fileRef = 5084AA8B2B094A13001E090A /* UITableView + Extension.swift */; };
		5084AA8E2B094A39001E090A /* UICollectionViewCell + Extension.swift in Sources */ = {isa = PBXBuildFile; fileRef = 5084AA8D2B094A39001E090A /* UICollectionViewCell + Extension.swift */; };
		5084AA902B094A63001E090A /* UICollectionView.swift in Sources */ = {isa = PBXBuildFile; fileRef = 5084AA8F2B094A63001E090A /* UICollectionView.swift */; };
		50B2902B2B0BF10700BD11E3 /* OriginTableViewCell.swift in Sources */ = {isa = PBXBuildFile; fileRef = 50B2902A2B0BF10700BD11E3 /* OriginTableViewCell.swift */; };
		50DF38292A8DF3950046F019 /* AppDelegate.swift in Sources */ = {isa = PBXBuildFile; fileRef = 50DF38282A8DF3950046F019 /* AppDelegate.swift */; };
		50DF382B2A8DF3950046F019 /* SceneDelegate.swift in Sources */ = {isa = PBXBuildFile; fileRef = 50DF382A2A8DF3950046F019 /* SceneDelegate.swift */; };
		50DF382D2A8DF3950046F019 /* PreviewViewController.swift in Sources */ = {isa = PBXBuildFile; fileRef = 50DF382C2A8DF3950046F019 /* PreviewViewController.swift */; };
		50DF38322A8DF3950046F019 /* Assets.xcassets in Resources */ = {isa = PBXBuildFile; fileRef = 50DF38312A8DF3950046F019 /* Assets.xcassets */; };
		50DF38352A8DF3950046F019 /* LaunchScreen.storyboard in Resources */ = {isa = PBXBuildFile; fileRef = 50DF38332A8DF3950046F019 /* LaunchScreen.storyboard */; };
		50DF383F2A8DF60F0046F019 /* CharactersModel.swift in Sources */ = {isa = PBXBuildFile; fileRef = 50DF383E2A8DF60F0046F019 /* CharactersModel.swift */; };
		50F581E52A90C6A00047D6F1 /* CardCollectionViewCell.swift in Sources */ = {isa = PBXBuildFile; fileRef = 50F581E42A90C6A00047D6F1 /* CardCollectionViewCell.swift */; };
		CB61435E03C955BCE4EA8DB5 /* Pods_Rick_Mortty_App.framework in Frameworks */ = {isa = PBXBuildFile; fileRef = 9C458C876D3F7581328C17EF /* Pods_Rick_Mortty_App.framework */; };
/* End PBXBuildFile section */

/* Begin PBXFileReference section */
		4B91BF93E004A1AC473F81D4 /* Pods-Rick&Mortty App.debug.xcconfig */ = {isa = PBXFileReference; includeInIndex = 1; lastKnownFileType = text.xcconfig; name = "Pods-Rick&Mortty App.debug.xcconfig"; path = "Target Support Files/Pods-Rick&Mortty App/Pods-Rick&Mortty App.debug.xcconfig"; sourceTree = "<group>"; };
		500894322B04ABD200EA91D9 /* Endpoint.swift */ = {isa = PBXFileReference; lastKnownFileType = sourcecode.swift; path = Endpoint.swift; sourceTree = "<group>"; };
		500894342B04AC2000EA91D9 /* NetworkRequest.swift */ = {isa = PBXFileReference; lastKnownFileType = sourcecode.swift; path = NetworkRequest.swift; sourceTree = "<group>"; };
		500894362B04AC4800EA91D9 /* NetworkDataFetch.swift */ = {isa = PBXFileReference; lastKnownFileType = sourcecode.swift; path = NetworkDataFetch.swift; sourceTree = "<group>"; };
		500894382B04AC6800EA91D9 /* NetworkError.swift */ = {isa = PBXFileReference; lastKnownFileType = sourcecode.swift; path = NetworkError.swift; sourceTree = "<group>"; };
		5008943E2B04AD9200EA91D9 /* Constants.swift */ = {isa = PBXFileReference; lastKnownFileType = sourcecode.swift; path = Constants.swift; sourceTree = "<group>"; };
		500894402B04AEF200EA91D9 /* URLSession + Extension.swift */ = {isa = PBXFileReference; lastKnownFileType = sourcecode.swift; path = "URLSession + Extension.swift"; sourceTree = "<group>"; };
		503834902B0BDA4B00B6841F /* InfoTableViewCell.swift */ = {isa = PBXFileReference; lastKnownFileType = sourcecode.swift; path = InfoTableViewCell.swift; sourceTree = "<group>"; };
		506E213B2B04C18E002F3EB5 /* Rick and Morty.xcassets */ = {isa = PBXFileReference; lastKnownFileType = folder.assetcatalog; path = "Rick and Morty.xcassets"; sourceTree = "<group>"; };
		507210B52B0C8A5700F1CCDC /* EpisodesTableViewCell.swift */ = {isa = PBXFileReference; lastKnownFileType = sourcecode.swift; path = EpisodesTableViewCell.swift; sourceTree = "<group>"; };
		507E5A592B0B45110058CF2C /* InfoViewController.swift */ = {isa = PBXFileReference; lastKnownFileType = sourcecode.swift; path = InfoViewController.swift; sourceTree = "<group>"; };
		507E5A5B2B0B53180058CF2C /* CharacterTableViewCell.swift */ = {isa = PBXFileReference; lastKnownFileType = sourcecode.swift; path = CharacterTableViewCell.swift; sourceTree = "<group>"; };
		5084AA892B0949F0001E090A /* UITableViewCell + Extension.swift */ = {isa = PBXFileReference; lastKnownFileType = sourcecode.swift; path = "UITableViewCell + Extension.swift"; sourceTree = "<group>"; };
		5084AA8B2B094A13001E090A /* UITableView + Extension.swift */ = {isa = PBXFileReference; lastKnownFileType = sourcecode.swift; path = "UITableView + Extension.swift"; sourceTree = "<group>"; };
		5084AA8D2B094A39001E090A /* UICollectionViewCell + Extension.swift */ = {isa = PBXFileReference; lastKnownFileType = sourcecode.swift; path = "UICollectionViewCell + Extension.swift"; sourceTree = "<group>"; };
		5084AA8F2B094A63001E090A /* UICollectionView.swift */ = {isa = PBXFileReference; lastKnownFileType = sourcecode.swift; path = UICollectionView.swift; sourceTree = "<group>"; };
		50B2902A2B0BF10700BD11E3 /* OriginTableViewCell.swift */ = {isa = PBXFileReference; lastKnownFileType = sourcecode.swift; path = OriginTableViewCell.swift; sourceTree = "<group>"; };
		50DF38252A8DF3950046F019 /* Rick&Mortty App.app */ = {isa = PBXFileReference; explicitFileType = wrapper.application; includeInIndex = 0; path = "Rick&Mortty App.app"; sourceTree = BUILT_PRODUCTS_DIR; };
		50DF38282A8DF3950046F019 /* AppDelegate.swift */ = {isa = PBXFileReference; lastKnownFileType = sourcecode.swift; path = AppDelegate.swift; sourceTree = "<group>"; };
		50DF382A2A8DF3950046F019 /* SceneDelegate.swift */ = {isa = PBXFileReference; lastKnownFileType = sourcecode.swift; path = SceneDelegate.swift; sourceTree = "<group>"; };
		50DF382C2A8DF3950046F019 /* PreviewViewController.swift */ = {isa = PBXFileReference; lastKnownFileType = sourcecode.swift; path = PreviewViewController.swift; sourceTree = "<group>"; };
		50DF38312A8DF3950046F019 /* Assets.xcassets */ = {isa = PBXFileReference; lastKnownFileType = folder.assetcatalog; path = Assets.xcassets; sourceTree = "<group>"; };
		50DF38342A8DF3950046F019 /* Base */ = {isa = PBXFileReference; lastKnownFileType = file.storyboard; name = Base; path = Base.lproj/LaunchScreen.storyboard; sourceTree = "<group>"; };
		50DF38362A8DF3950046F019 /* Info.plist */ = {isa = PBXFileReference; lastKnownFileType = text.plist.xml; path = Info.plist; sourceTree = "<group>"; };
		50DF383E2A8DF60F0046F019 /* CharactersModel.swift */ = {isa = PBXFileReference; lastKnownFileType = sourcecode.swift; path = CharactersModel.swift; sourceTree = "<group>"; };
		50F581E42A90C6A00047D6F1 /* CardCollectionViewCell.swift */ = {isa = PBXFileReference; lastKnownFileType = sourcecode.swift; path = CardCollectionViewCell.swift; sourceTree = "<group>"; };
		9C458C876D3F7581328C17EF /* Pods_Rick_Mortty_App.framework */ = {isa = PBXFileReference; explicitFileType = wrapper.framework; includeInIndex = 0; path = Pods_Rick_Mortty_App.framework; sourceTree = BUILT_PRODUCTS_DIR; };
		BABE9E8FDF41C3D15273E0E1 /* Pods-Rick&Mortty App.release.xcconfig */ = {isa = PBXFileReference; includeInIndex = 1; lastKnownFileType = text.xcconfig; name = "Pods-Rick&Mortty App.release.xcconfig"; path = "Target Support Files/Pods-Rick&Mortty App/Pods-Rick&Mortty App.release.xcconfig"; sourceTree = "<group>"; };
/* End PBXFileReference section */

/* Begin PBXFrameworksBuildPhase section */
		50DF38222A8DF3950046F019 /* Frameworks */ = {
			isa = PBXFrameworksBuildPhase;
			buildActionMask = 2147483647;
			files = (
				CB61435E03C955BCE4EA8DB5 /* Pods_Rick_Mortty_App.framework in Frameworks */,
			);
			runOnlyForDeploymentPostprocessing = 0;
		};
/* End PBXFrameworksBuildPhase section */

/* Begin PBXGroup section */
		02C929629F5255C2E1ABA417 /* Pods */ = {
			isa = PBXGroup;
			children = (
				4B91BF93E004A1AC473F81D4 /* Pods-Rick&Mortty App.debug.xcconfig */,
				BABE9E8FDF41C3D15273E0E1 /* Pods-Rick&Mortty App.release.xcconfig */,
			);
			path = Pods;
			sourceTree = "<group>";
		};
		5008943A2B04ACC600EA91D9 /* Extensions */ = {
			isa = PBXGroup;
			children = (
				500894402B04AEF200EA91D9 /* URLSession + Extension.swift */,
				5084AA892B0949F0001E090A /* UITableViewCell + Extension.swift */,
				5084AA8B2B094A13001E090A /* UITableView + Extension.swift */,
				5084AA8D2B094A39001E090A /* UICollectionViewCell + Extension.swift */,
				5084AA8F2B094A63001E090A /* UICollectionView.swift */,
			);
			path = Extensions;
			sourceTree = "<group>";
		};
		5008943B2B04AD4100EA91D9 /* Characters */ = {
			isa = PBXGroup;
			children = (
				50DF383E2A8DF60F0046F019 /* CharactersModel.swift */,
			);
			path = Characters;
			sourceTree = "<group>";
		};
		5008943C2B04AD5600EA91D9 /* Network */ = {
			isa = PBXGroup;
			children = (
				500894322B04ABD200EA91D9 /* Endpoint.swift */,
				500894342B04AC2000EA91D9 /* NetworkRequest.swift */,
				500894362B04AC4800EA91D9 /* NetworkDataFetch.swift */,
				500894382B04AC6800EA91D9 /* NetworkError.swift */,
			);
			path = Network;
			sourceTree = "<group>";
		};
		5008943D2B04AD7F00EA91D9 /* Constants + Assets */ = {
			isa = PBXGroup;
			children = (
				5008943E2B04AD9200EA91D9 /* Constants.swift */,
				506E213B2B04C18E002F3EB5 /* Rick and Morty.xcassets */,
			);
			path = "Constants + Assets";
			sourceTree = "<group>";
		};
		50DF381C2A8DF3940046F019 = {
			isa = PBXGroup;
			children = (
				50DF38272A8DF3950046F019 /* Rick&Mortty App */,
				50DF38262A8DF3950046F019 /* Products */,
				02C929629F5255C2E1ABA417 /* Pods */,
				CACB9C0819C95CAEDDCD416E /* Frameworks */,
			);
			sourceTree = "<group>";
		};
		50DF38262A8DF3950046F019 /* Products */ = {
			isa = PBXGroup;
			children = (
				50DF38252A8DF3950046F019 /* Rick&Mortty App.app */,
			);
			name = Products;
			sourceTree = "<group>";
		};
		50DF38272A8DF3950046F019 /* Rick&Mortty App */ = {
			isa = PBXGroup;
			children = (
				50DF383D2A8DF5D90046F019 /* Models */,
				50FD736A2A950AC500B1E1E6 /* Views */,
				50DF383C2A8DF4FE0046F019 /* Controllers */,
				5008943A2B04ACC600EA91D9 /* Extensions */,
				5008943D2B04AD7F00EA91D9 /* Constants + Assets */,
				50DF38282A8DF3950046F019 /* AppDelegate.swift */,
				50DF382A2A8DF3950046F019 /* SceneDelegate.swift */,
				50DF38312A8DF3950046F019 /* Assets.xcassets */,
				50DF38332A8DF3950046F019 /* LaunchScreen.storyboard */,
				50DF38362A8DF3950046F019 /* Info.plist */,
			);
			path = "Rick&Mortty App";
			sourceTree = "<group>";
		};
		50DF383C2A8DF4FE0046F019 /* Controllers */ = {
			isa = PBXGroup;
			children = (
				50DF382C2A8DF3950046F019 /* PreviewViewController.swift */,
				507E5A592B0B45110058CF2C /* InfoViewController.swift */,
			);
			path = Controllers;
			sourceTree = "<group>";
		};
		50DF383D2A8DF5D90046F019 /* Models */ = {
			isa = PBXGroup;
			children = (
				5008943B2B04AD4100EA91D9 /* Characters */,
				5008943C2B04AD5600EA91D9 /* Network */,
			);
			path = Models;
			sourceTree = "<group>";
		};
		50FD736A2A950AC500B1E1E6 /* Views */ = {
			isa = PBXGroup;
			children = (
				50F581E42A90C6A00047D6F1 /* CardCollectionViewCell.swift */,
				507E5A5B2B0B53180058CF2C /* CharacterTableViewCell.swift */,
				503834902B0BDA4B00B6841F /* InfoTableViewCell.swift */,
				50B2902A2B0BF10700BD11E3 /* OriginTableViewCell.swift */,
				507210B52B0C8A5700F1CCDC /* EpisodesTableViewCell.swift */,
			);
			path = Views;
			sourceTree = "<group>";
		};
		CACB9C0819C95CAEDDCD416E /* Frameworks */ = {
			isa = PBXGroup;
			children = (
				9C458C876D3F7581328C17EF /* Pods_Rick_Mortty_App.framework */,
			);
			name = Frameworks;
			sourceTree = "<group>";
		};
/* End PBXGroup section */

/* Begin PBXNativeTarget section */
		50DF38242A8DF3950046F019 /* Rick&Mortty App */ = {
			isa = PBXNativeTarget;
			buildConfigurationList = 50DF38392A8DF3950046F019 /* Build configuration list for PBXNativeTarget "Rick&Mortty App" */;
			buildPhases = (
				4517612F47EFEC01E7DDA6FD /* [CP] Check Pods Manifest.lock */,
				50DF38212A8DF3950046F019 /* Sources */,
				50DF38222A8DF3950046F019 /* Frameworks */,
				50DF38232A8DF3950046F019 /* Resources */,
				36E8C864F9BE56F54EBB412B /* [CP] Embed Pods Frameworks */,
			);
			buildRules = (
			);
			dependencies = (
			);
			name = "Rick&Mortty App";
			productName = "Rick&Mortty App";
			productReference = 50DF38252A8DF3950046F019 /* Rick&Mortty App.app */;
			productType = "com.apple.product-type.application";
		};
/* End PBXNativeTarget section */

/* Begin PBXProject section */
		50DF381D2A8DF3940046F019 /* Project object */ = {
			isa = PBXProject;
			attributes = {
				BuildIndependentTargetsInParallel = 1;
				LastSwiftUpdateCheck = 1430;
				LastUpgradeCheck = 1430;
				TargetAttributes = {
					50DF38242A8DF3950046F019 = {
						CreatedOnToolsVersion = 14.3.1;
					};
				};
			};
			buildConfigurationList = 50DF38202A8DF3940046F019 /* Build configuration list for PBXProject "Rick&Mortty App" */;
			compatibilityVersion = "Xcode 14.0";
			developmentRegion = en;
			hasScannedForEncodings = 0;
			knownRegions = (
				en,
				Base,
			);
			mainGroup = 50DF381C2A8DF3940046F019;
			productRefGroup = 50DF38262A8DF3950046F019 /* Products */;
			projectDirPath = "";
			projectRoot = "";
			targets = (
				50DF38242A8DF3950046F019 /* Rick&Mortty App */,
			);
		};
/* End PBXProject section */

/* Begin PBXResourcesBuildPhase section */
		50DF38232A8DF3950046F019 /* Resources */ = {
			isa = PBXResourcesBuildPhase;
			buildActionMask = 2147483647;
			files = (
				506E213C2B04C18E002F3EB5 /* Rick and Morty.xcassets in Resources */,
				50DF38352A8DF3950046F019 /* LaunchScreen.storyboard in Resources */,
				50DF38322A8DF3950046F019 /* Assets.xcassets in Resources */,
			);
			runOnlyForDeploymentPostprocessing = 0;
		};
/* End PBXResourcesBuildPhase section */

/* Begin PBXShellScriptBuildPhase section */
		36E8C864F9BE56F54EBB412B /* [CP] Embed Pods Frameworks */ = {
			isa = PBXShellScriptBuildPhase;
			buildActionMask = 2147483647;
			files = (
			);
			inputFileListPaths = (
				"${PODS_ROOT}/Target Support Files/Pods-Rick&Mortty App/Pods-Rick&Mortty App-frameworks-${CONFIGURATION}-input-files.xcfilelist",
			);
			name = "[CP] Embed Pods Frameworks";
			outputFileListPaths = (
				"${PODS_ROOT}/Target Support Files/Pods-Rick&Mortty App/Pods-Rick&Mortty App-frameworks-${CONFIGURATION}-output-files.xcfilelist",
			);
			runOnlyForDeploymentPostprocessing = 0;
			shellPath = /bin/sh;
			shellScript = "\"${PODS_ROOT}/Target Support Files/Pods-Rick&Mortty App/Pods-Rick&Mortty App-frameworks.sh\"\n";
			showEnvVarsInLog = 0;
		};
		4517612F47EFEC01E7DDA6FD /* [CP] Check Pods Manifest.lock */ = {
			isa = PBXShellScriptBuildPhase;
			buildActionMask = 2147483647;
			files = (
			);
			inputFileListPaths = (
			);
			inputPaths = (
				"${PODS_PODFILE_DIR_PATH}/Podfile.lock",
				"${PODS_ROOT}/Manifest.lock",
			);
			name = "[CP] Check Pods Manifest.lock";
			outputFileListPaths = (
			);
			outputPaths = (
				"$(DERIVED_FILE_DIR)/Pods-Rick&Mortty App-checkManifestLockResult.txt",
			);
			runOnlyForDeploymentPostprocessing = 0;
			shellPath = /bin/sh;
			shellScript = "diff \"${PODS_PODFILE_DIR_PATH}/Podfile.lock\" \"${PODS_ROOT}/Manifest.lock\" > /dev/null\nif [ $? != 0 ] ; then\n    # print error to STDERR\n    echo \"error: The sandbox is not in sync with the Podfile.lock. Run 'pod install' or update your CocoaPods installation.\" >&2\n    exit 1\nfi\n# This output is used by Xcode 'outputs' to avoid re-running this script phase.\necho \"SUCCESS\" > \"${SCRIPT_OUTPUT_FILE_0}\"\n";
			showEnvVarsInLog = 0;
		};
/* End PBXShellScriptBuildPhase section */

/* Begin PBXSourcesBuildPhase section */
		50DF38212A8DF3950046F019 /* Sources */ = {
			isa = PBXSourcesBuildPhase;
			buildActionMask = 2147483647;
			files = (
				5084AA8A2B0949F0001E090A /* UITableViewCell + Extension.swift in Sources */,
				50DF382D2A8DF3950046F019 /* PreviewViewController.swift in Sources */,
				50DF38292A8DF3950046F019 /* AppDelegate.swift in Sources */,
				503834912B0BDA4B00B6841F /* InfoTableViewCell.swift in Sources */,
				500894332B04ABD200EA91D9 /* Endpoint.swift in Sources */,
				50DF382B2A8DF3950046F019 /* SceneDelegate.swift in Sources */,
				500894412B04AEF200EA91D9 /* URLSession + Extension.swift in Sources */,
				50DF383F2A8DF60F0046F019 /* CharactersModel.swift in Sources */,
				5008943F2B04AD9200EA91D9 /* Constants.swift in Sources */,
				500894372B04AC4800EA91D9 /* NetworkDataFetch.swift in Sources */,
				500894352B04AC2000EA91D9 /* NetworkRequest.swift in Sources */,
				500894392B04AC6800EA91D9 /* NetworkError.swift in Sources */,
				5084AA8C2B094A13001E090A /* UITableView + Extension.swift in Sources */,
				50B2902B2B0BF10700BD11E3 /* OriginTableViewCell.swift in Sources */,
				507E5A5C2B0B53180058CF2C /* CharacterTableViewCell.swift in Sources */,
				5084AA8E2B094A39001E090A /* UICollectionViewCell + Extension.swift in Sources */,
				50F581E52A90C6A00047D6F1 /* CardCollectionViewCell.swift in Sources */,
				507210B62B0C8A5700F1CCDC /* EpisodesTableViewCell.swift in Sources */,
				507E5A5A2B0B45110058CF2C /* InfoViewController.swift in Sources */,
				5084AA902B094A63001E090A /* UICollectionView.swift in Sources */,
			);
			runOnlyForDeploymentPostprocessing = 0;
		};
/* End PBXSourcesBuildPhase section */

/* Begin PBXVariantGroup section */
		50DF38332A8DF3950046F019 /* LaunchScreen.storyboard */ = {
			isa = PBXVariantGroup;
			children = (
				50DF38342A8DF3950046F019 /* Base */,
			);
			name = LaunchScreen.storyboard;
			sourceTree = "<group>";
		};
/* End PBXVariantGroup section */

/* Begin XCBuildConfiguration section */
		50DF38372A8DF3950046F019 /* Debug */ = {
			isa = XCBuildConfiguration;
			buildSettings = {
				ALWAYS_SEARCH_USER_PATHS = NO;
				CLANG_ANALYZER_NONNULL = YES;
				CLANG_ANALYZER_NUMBER_OBJECT_CONVERSION = YES_AGGRESSIVE;
				CLANG_CXX_LANGUAGE_STANDARD = "gnu++20";
				CLANG_ENABLE_MODULES = YES;
				CLANG_ENABLE_OBJC_ARC = YES;
				CLANG_ENABLE_OBJC_WEAK = YES;
				CLANG_WARN_BLOCK_CAPTURE_AUTORELEASING = YES;
				CLANG_WARN_BOOL_CONVERSION = YES;
				CLANG_WARN_COMMA = YES;
				CLANG_WARN_CONSTANT_CONVERSION = YES;
				CLANG_WARN_DEPRECATED_OBJC_IMPLEMENTATIONS = YES;
				CLANG_WARN_DIRECT_OBJC_ISA_USAGE = YES_ERROR;
				CLANG_WARN_DOCUMENTATION_COMMENTS = YES;
				CLANG_WARN_EMPTY_BODY = YES;
				CLANG_WARN_ENUM_CONVERSION = YES;
				CLANG_WARN_INFINITE_RECURSION = YES;
				CLANG_WARN_INT_CONVERSION = YES;
				CLANG_WARN_NON_LITERAL_NULL_CONVERSION = YES;
				CLANG_WARN_OBJC_IMPLICIT_RETAIN_SELF = YES;
				CLANG_WARN_OBJC_LITERAL_CONVERSION = YES;
				CLANG_WARN_OBJC_ROOT_CLASS = YES_ERROR;
				CLANG_WARN_QUOTED_INCLUDE_IN_FRAMEWORK_HEADER = YES;
				CLANG_WARN_RANGE_LOOP_ANALYSIS = YES;
				CLANG_WARN_STRICT_PROTOTYPES = YES;
				CLANG_WARN_SUSPICIOUS_MOVE = YES;
				CLANG_WARN_UNGUARDED_AVAILABILITY = YES_AGGRESSIVE;
				CLANG_WARN_UNREACHABLE_CODE = YES;
				CLANG_WARN__DUPLICATE_METHOD_MATCH = YES;
				COPY_PHASE_STRIP = NO;
				DEBUG_INFORMATION_FORMAT = dwarf;
				ENABLE_STRICT_OBJC_MSGSEND = YES;
				ENABLE_TESTABILITY = YES;
				GCC_C_LANGUAGE_STANDARD = gnu11;
				GCC_DYNAMIC_NO_PIC = NO;
				GCC_NO_COMMON_BLOCKS = YES;
				GCC_OPTIMIZATION_LEVEL = 0;
				GCC_PREPROCESSOR_DEFINITIONS = (
					"DEBUG=1",
					"$(inherited)",
				);
				GCC_WARN_64_TO_32_BIT_CONVERSION = YES;
				GCC_WARN_ABOUT_RETURN_TYPE = YES_ERROR;
				GCC_WARN_UNDECLARED_SELECTOR = YES;
				GCC_WARN_UNINITIALIZED_AUTOS = YES_AGGRESSIVE;
				GCC_WARN_UNUSED_FUNCTION = YES;
				GCC_WARN_UNUSED_VARIABLE = YES;
				IPHONEOS_DEPLOYMENT_TARGET = 16.0;
				MTL_ENABLE_DEBUG_INFO = INCLUDE_SOURCE;
				MTL_FAST_MATH = YES;
				ONLY_ACTIVE_ARCH = YES;
				SDKROOT = iphoneos;
				SWIFT_ACTIVE_COMPILATION_CONDITIONS = DEBUG;
				SWIFT_OPTIMIZATION_LEVEL = "-Onone";
			};
			name = Debug;
		};
		50DF38382A8DF3950046F019 /* Release */ = {
			isa = XCBuildConfiguration;
			buildSettings = {
				ALWAYS_SEARCH_USER_PATHS = NO;
				CLANG_ANALYZER_NONNULL = YES;
				CLANG_ANALYZER_NUMBER_OBJECT_CONVERSION = YES_AGGRESSIVE;
				CLANG_CXX_LANGUAGE_STANDARD = "gnu++20";
				CLANG_ENABLE_MODULES = YES;
				CLANG_ENABLE_OBJC_ARC = YES;
				CLANG_ENABLE_OBJC_WEAK = YES;
				CLANG_WARN_BLOCK_CAPTURE_AUTORELEASING = YES;
				CLANG_WARN_BOOL_CONVERSION = YES;
				CLANG_WARN_COMMA = YES;
				CLANG_WARN_CONSTANT_CONVERSION = YES;
				CLANG_WARN_DEPRECATED_OBJC_IMPLEMENTATIONS = YES;
				CLANG_WARN_DIRECT_OBJC_ISA_USAGE = YES_ERROR;
				CLANG_WARN_DOCUMENTATION_COMMENTS = YES;
				CLANG_WARN_EMPTY_BODY = YES;
				CLANG_WARN_ENUM_CONVERSION = YES;
				CLANG_WARN_INFINITE_RECURSION = YES;
				CLANG_WARN_INT_CONVERSION = YES;
				CLANG_WARN_NON_LITERAL_NULL_CONVERSION = YES;
				CLANG_WARN_OBJC_IMPLICIT_RETAIN_SELF = YES;
				CLANG_WARN_OBJC_LITERAL_CONVERSION = YES;
				CLANG_WARN_OBJC_ROOT_CLASS = YES_ERROR;
				CLANG_WARN_QUOTED_INCLUDE_IN_FRAMEWORK_HEADER = YES;
				CLANG_WARN_RANGE_LOOP_ANALYSIS = YES;
				CLANG_WARN_STRICT_PROTOTYPES = YES;
				CLANG_WARN_SUSPICIOUS_MOVE = YES;
				CLANG_WARN_UNGUARDED_AVAILABILITY = YES_AGGRESSIVE;
				CLANG_WARN_UNREACHABLE_CODE = YES;
				CLANG_WARN__DUPLICATE_METHOD_MATCH = YES;
				COPY_PHASE_STRIP = NO;
				DEBUG_INFORMATION_FORMAT = "dwarf-with-dsym";
				ENABLE_NS_ASSERTIONS = NO;
				ENABLE_STRICT_OBJC_MSGSEND = YES;
				GCC_C_LANGUAGE_STANDARD = gnu11;
				GCC_NO_COMMON_BLOCKS = YES;
				GCC_WARN_64_TO_32_BIT_CONVERSION = YES;
				GCC_WARN_ABOUT_RETURN_TYPE = YES_ERROR;
				GCC_WARN_UNDECLARED_SELECTOR = YES;
				GCC_WARN_UNINITIALIZED_AUTOS = YES_AGGRESSIVE;
				GCC_WARN_UNUSED_FUNCTION = YES;
				GCC_WARN_UNUSED_VARIABLE = YES;
				IPHONEOS_DEPLOYMENT_TARGET = 16.0;
				MTL_ENABLE_DEBUG_INFO = NO;
				MTL_FAST_MATH = YES;
				SDKROOT = iphoneos;
				SWIFT_COMPILATION_MODE = wholemodule;
				SWIFT_OPTIMIZATION_LEVEL = "-O";
				VALIDATE_PRODUCT = YES;
			};
			name = Release;
		};
		50DF383A2A8DF3950046F019 /* Debug */ = {
			isa = XCBuildConfiguration;
			baseConfigurationReference = 4B91BF93E004A1AC473F81D4 /* Pods-Rick&Mortty App.debug.xcconfig */;
			buildSettings = {
				ASSETCATALOG_COMPILER_APPICON_NAME = AppIcon;
				ASSETCATALOG_COMPILER_GLOBAL_ACCENT_COLOR_NAME = AccentColor;
				CODE_SIGN_STYLE = Automatic;
				CURRENT_PROJECT_VERSION = 1;
				DEVELOPMENT_TEAM = HNBSN5YM35;
				GENERATE_INFOPLIST_FILE = YES;
				INFOPLIST_FILE = "Rick&Mortty App/Info.plist";
				INFOPLIST_KEY_UIApplicationSupportsIndirectInputEvents = YES;
				INFOPLIST_KEY_UILaunchStoryboardName = LaunchScreen;
				INFOPLIST_KEY_UIStatusBarHidden = YES;
				INFOPLIST_KEY_UIStatusBarStyle = "";
				INFOPLIST_KEY_UISupportedInterfaceOrientations = UIInterfaceOrientationPortrait;
				INFOPLIST_KEY_UISupportedInterfaceOrientations_iPad = "UIInterfaceOrientationLandscapeLeft UIInterfaceOrientationLandscapeRight UIInterfaceOrientationPortrait UIInterfaceOrientationPortraitUpsideDown";
				IPHONEOS_DEPLOYMENT_TARGET = 16.0;
				LD_RUNPATH_SEARCH_PATHS = (
					"$(inherited)",
					"@executable_path/Frameworks",
				);
				MARKETING_VERSION = 1.0;
				PRODUCT_BUNDLE_IDENTIFIER = "hottikop.Rick-Mortty-App";
				PRODUCT_NAME = "$(TARGET_NAME)";
				SUPPORTED_PLATFORMS = "iphoneos iphonesimulator";
				SUPPORTS_MACCATALYST = NO;
				SUPPORTS_MAC_DESIGNED_FOR_IPHONE_IPAD = NO;
				SWIFT_EMIT_LOC_STRINGS = YES;
				SWIFT_VERSION = 5.0;
				TARGETED_DEVICE_FAMILY = 1;
			};
			name = Debug;
		};
		50DF383B2A8DF3950046F019 /* Release */ = {
			isa = XCBuildConfiguration;
			baseConfigurationReference = BABE9E8FDF41C3D15273E0E1 /* Pods-Rick&Mortty App.release.xcconfig */;
			buildSettings = {
				ASSETCATALOG_COMPILER_APPICON_NAME = AppIcon;
				ASSETCATALOG_COMPILER_GLOBAL_ACCENT_COLOR_NAME = AccentColor;
				CODE_SIGN_STYLE = Automatic;
				CURRENT_PROJECT_VERSION = 1;
				DEVELOPMENT_TEAM = HNBSN5YM35;
				GENERATE_INFOPLIST_FILE = YES;
				INFOPLIST_FILE = "Rick&Mortty App/Info.plist";
				INFOPLIST_KEY_UIApplicationSupportsIndirectInputEvents = YES;
				INFOPLIST_KEY_UILaunchStoryboardName = LaunchScreen;
				INFOPLIST_KEY_UIStatusBarHidden = YES;
				INFOPLIST_KEY_UIStatusBarStyle = "";
				INFOPLIST_KEY_UISupportedInterfaceOrientations = UIInterfaceOrientationPortrait;
				INFOPLIST_KEY_UISupportedInterfaceOrientations_iPad = "UIInterfaceOrientationLandscapeLeft UIInterfaceOrientationLandscapeRight UIInterfaceOrientationPortrait UIInterfaceOrientationPortraitUpsideDown";
				IPHONEOS_DEPLOYMENT_TARGET = 16.0;
				LD_RUNPATH_SEARCH_PATHS = (
					"$(inherited)",
					"@executable_path/Frameworks",
				);
				MARKETING_VERSION = 1.0;
				PRODUCT_BUNDLE_IDENTIFIER = "hottikop.Rick-Mortty-App";
				PRODUCT_NAME = "$(TARGET_NAME)";
				SUPPORTED_PLATFORMS = "iphoneos iphonesimulator";
				SUPPORTS_MACCATALYST = NO;
				SUPPORTS_MAC_DESIGNED_FOR_IPHONE_IPAD = NO;
				SWIFT_EMIT_LOC_STRINGS = YES;
				SWIFT_VERSION = 5.0;
				TARGETED_DEVICE_FAMILY = 1;
			};
			name = Release;
		};
/* End XCBuildConfiguration section */

/* Begin XCConfigurationList section */
		50DF38202A8DF3940046F019 /* Build configuration list for PBXProject "Rick&Mortty App" */ = {
			isa = XCConfigurationList;
			buildConfigurations = (
				50DF38372A8DF3950046F019 /* Debug */,
				50DF38382A8DF3950046F019 /* Release */,
			);
			defaultConfigurationIsVisible = 0;
			defaultConfigurationName = Release;
		};
		50DF38392A8DF3950046F019 /* Build configuration list for PBXNativeTarget "Rick&Mortty App" */ = {
			isa = XCConfigurationList;
			buildConfigurations = (
				50DF383A2A8DF3950046F019 /* Debug */,
				50DF383B2A8DF3950046F019 /* Release */,
			);
			defaultConfigurationIsVisible = 0;
			defaultConfigurationName = Release;
		};
/* End XCConfigurationList section */
	};
	rootObject = 50DF381D2A8DF3940046F019 /* Project object */;
}
